
Microsoft Visual Studio Solution File, Format Version 12.00
# Visual Studio 14
VisualStudioVersion = 14.0.23107.0
MinimumVisualStudioVersion = 10.0.40219.1
Project("{FAE04EC0-301F-11D3-BF4B-00C04F79EFBC}") = "Lab401", "..\week4\Lab401\Lab401.csproj", "{65707219-FF1B-4E6D-897A-8805D4D5B06C}"
EndProject
Project("{FAE04EC0-301F-11D3-BF4B-00C04F79EFBC}") = "Lab402", "..\week4\Lab402\Lab402.csproj", "{3E552967-C060-4528-8DF2-8140E103222C}"
EndProject
Global
	GlobalSection(SolutionConfigurationPlatforms) = preSolution
		Debug|Any CPU = Debug|Any CPU
		Debug|x86 = Debug|x86
		Release|Any CPU = Release|Any CPU
		Release|x86 = Release|x86
	EndGlobalSection
	GlobalSection(ProjectConfigurationPlatforms) = postSolution
		{65707219-FF1B-4E6D-897A-8805D4D5B06C}.Debug|Any CPU.ActiveCfg = Debug|Any CPU
		{65707219-FF1B-4E6D-897A-8805D4D5B06C}.Debug|Any CPU.Build.0 = Debug|Any CPU
		{65707219-FF1B-4E6D-897A-8805D4D5B06C}.Debug|x86.ActiveCfg = Debug|Any CPU
		{65707219-FF1B-4E6D-897A-8805D4D5B06C}.Debug|x86.Build.0 = Debug|Any CPU
		{65707219-FF1B-4E6D-897A-8805D4D5B06C}.Release|Any CPU.ActiveCfg = Release|Any CPU
		{65707219-FF1B-4E6D-897A-8805D4D5B06C}.Release|Any CPU.Build.0 = Release|Any CPU
		{65707219-FF1B-4E6D-897A-8805D4D5B06C}.Release|x86.ActiveCfg = Release|Any CPU
		{65707219-FF1B-4E6D-897A-8805D4D5B06C}.Release|x86.Build.0 = Release|Any CPU
		{3E552967-C060-4528-8DF2-8140E103222C}.Debug|Any CPU.ActiveCfg = Debug|x86
		{3E552967-C060-4528-8DF2-8140E103222C}.Debug|x86.ActiveCfg = Debug|x86
		{3E552967-C060-4528-8DF2-8140E103222C}.Debug|x86.Build.0 = Debug|x86
		{3E552967-C060-4528-8DF2-8140E103222C}.Release|Any CPU.ActiveCfg = Release|x86
		{3E552967-C060-4528-8DF2-8140E103222C}.Release|x86.ActiveCfg = Release|x86
		{3E552967-C060-4528-8DF2-8140E103222C}.Release|x86.Build.0 = Release|x86
	EndGlobalSection
	GlobalSection(SolutionProperties) = preSolution
		HideSolutionNode = FALSE
	EndGlobalSection
EndGlobal
